Microsoft Visual Studio Solution File, Format Version 11.00
# Visual Studio 2008

Project("{618B8E10-1391-5116-01B8-3938DF111F96}") = "FirstVRProject", "Assembly-CSharp.csproj", "{4AC5588D-F14E-650E-3A21-4D532AD5092C}"
EndProject
Project("{618B8E10-1391-5116-01B8-3938DF111F96}") = "FirstVRProject", "Assembly-CSharp-Editor.csproj", "{DB45320B-B74E-B8D8-ADB3-D6C1AACB2E8C}"
EndProject
Global
	GlobalSection(SolutionConfigurationPlatforms) = preSolution
		Debug|Any CPU = Debug|Any CPU
		Release|Any CPU = Release|Any CPU
	EndGlobalSection
	GlobalSection(ProjectConfigurationPlatforms) = postSolution
		{4AC5588D-F14E-650E-3A21-4D532AD5092C}.Debug|Any CPU.ActiveCfg = Debug|Any CPU
		{4AC5588D-F14E-650E-3A21-4D532AD5092C}.Debug|Any CPU.Build.0 = Debug|Any CPU
		{4AC5588D-F14E-650E-3A21-4D532AD5092C}.Release|Any CPU.ActiveCfg = Release|Any CPU
		{4AC5588D-F14E-650E-3A21-4D532AD5092C}.Release|Any CPU.Build.0 = Release|Any CPU
		{DB45320B-B74E-B8D8-ADB3-D6C1AACB2E8C}.Debug|Any CPU.ActiveCfg = Debug|Any CPU
		{DB45320B-B74E-B8D8-ADB3-D6C1AACB2E8C}.Debug|Any CPU.Build.0 = Debug|Any CPU
		{DB45320B-B74E-B8D8-ADB3-D6C1AACB2E8C}.Release|Any CPU.ActiveCfg = Release|Any CPU
		{DB45320B-B74E-B8D8-ADB3-D6C1AACB2E8C}.Release|Any CPU.Build.0 = Release|Any CPU
	EndGlobalSection
	GlobalSection(SolutionProperties) = preSolution
		HideSolutionNode = FALSE
	EndGlobalSection
	GlobalSection(MonoDevelopProperties) = preSolution
		StartupItem = Assembly-CSharp.csproj
	EndGlobalSection
EndGlobal
